// !$*UTF8*$!
{
	archiveVersion = 1;
	classes = {
	};
	objectVersion = 56;
	objects = {

/* Begin PBXBuildFile section */
		107422662B0A4FCD0066FAE4 /* AppDelegate.swift in Sources */ = {isa = PBXBuildFile; fileRef = 107422652B0A4FCD0066FAE4 /* AppDelegate.swift */; };
		107422682B0A4FCD0066FAE4 /* SceneDelegate.swift in Sources */ = {isa = PBXBuildFile; fileRef = 107422672B0A4FCD0066FAE4 /* SceneDelegate.swift */; };
		1074226A2B0A4FCD0066FAE4 /* HomePageViewController.swift in Sources */ = {isa = PBXBuildFile; fileRef = 107422692B0A4FCD0066FAE4 /* HomePageViewController.swift */; };
		1074226F2B0A4FCD0066FAE4 /* Assets.xcassets in Resources */ = {isa = PBXBuildFile; fileRef = 1074226E2B0A4FCD0066FAE4 /* Assets.xcassets */; };
		107422722B0A4FCD0066FAE4 /* LaunchScreen.storyboard in Resources */ = {isa = PBXBuildFile; fileRef = 107422702B0A4FCD0066FAE4 /* LaunchScreen.storyboard */; };
		1074227B2B0A50C10066FAE4 /* NetworkingManager in Frameworks */ = {isa = PBXBuildFile; productRef = 1074227A2B0A50C10066FAE4 /* NetworkingManager */; };
		107422802B0A51570066FAE4 /* HomePageViewModel.swift in Sources */ = {isa = PBXBuildFile; fileRef = 1074227F2B0A51570066FAE4 /* HomePageViewModel.swift */; };
		107422822B0A56130066FAE4 /* CatFacts.swift in Sources */ = {isa = PBXBuildFile; fileRef = 107422812B0A56130066FAE4 /* CatFacts.swift */; };
		107422852B0A5C8E0066FAE4 /* HomePageTableViewCell.swift in Sources */ = {isa = PBXBuildFile; fileRef = 107422842B0A5C8E0066FAE4 /* HomePageTableViewCell.swift */; };
/* End PBXBuildFile section */

/* Begin PBXFileReference section */
		107422622B0A4FCD0066FAE4 /* ModularizationHw10.app */ = {isa = PBXFileReference; explicitFileType = wrapper.application; includeInIndex = 0; path = ModularizationHw10.app; sourceTree = BUILT_PRODUCTS_DIR; };
		107422652B0A4FCD0066FAE4 /* AppDelegate.swift */ = {isa = PBXFileReference; lastKnownFileType = sourcecode.swift; path = AppDelegate.swift; sourceTree = "<group>"; };
		107422672B0A4FCD0066FAE4 /* SceneDelegate.swift */ = {isa = PBXFileReference; lastKnownFileType = sourcecode.swift; path = SceneDelegate.swift; sourceTree = "<group>"; };
		107422692B0A4FCD0066FAE4 /* HomePageViewController.swift */ = {isa = PBXFileReference; lastKnownFileType = sourcecode.swift; path = HomePageViewController.swift; sourceTree = "<group>"; };
		1074226E2B0A4FCD0066FAE4 /* Assets.xcassets */ = {isa = PBXFileReference; lastKnownFileType = folder.assetcatalog; path = Assets.xcassets; sourceTree = "<group>"; };
		107422712B0A4FCD0066FAE4 /* Base */ = {isa = PBXFileReference; lastKnownFileType = file.storyboard; name = Base; path = Base.lproj/LaunchScreen.storyboard; sourceTree = "<group>"; };
		107422732B0A4FCD0066FAE4 /* Info.plist */ = {isa = PBXFileReference; lastKnownFileType = text.plist.xml; path = Info.plist; sourceTree = "<group>"; };
		1074227F2B0A51570066FAE4 /* HomePageViewModel.swift */ = {isa = PBXFileReference; lastKnownFileType = sourcecode.swift; path = HomePageViewModel.swift; sourceTree = "<group>"; };
		107422812B0A56130066FAE4 /* CatFacts.swift */ = {isa = PBXFileReference; lastKnownFileType = sourcecode.swift; path = CatFacts.swift; sourceTree = "<group>"; };
		107422842B0A5C8E0066FAE4 /* HomePageTableViewCell.swift */ = {isa = PBXFileReference; lastKnownFileType = sourcecode.swift; path = HomePageTableViewCell.swift; sourceTree = "<group>"; };
/* End PBXFileReference section */

/* Begin PBXFrameworksBuildPhase section */
		1074225F2B0A4FCD0066FAE4 /* Frameworks */ = {
			isa = PBXFrameworksBuildPhase;
			buildActionMask = 2147483647;
			files = (
				1074227B2B0A50C10066FAE4 /* NetworkingManager in Frameworks */,
			);
			runOnlyForDeploymentPostprocessing = 0;
		};
/* End PBXFrameworksBuildPhase section */

/* Begin PBXGroup section */
		107422592B0A4FCD0066FAE4 = {
			isa = PBXGroup;
			children = (
				107422642B0A4FCD0066FAE4 /* ModularizationHw10 */,
				107422632B0A4FCD0066FAE4 /* Products */,
			);
			sourceTree = "<group>";
		};
		107422632B0A4FCD0066FAE4 /* Products */ = {
			isa = PBXGroup;
			children = (
				107422622B0A4FCD0066FAE4 /* ModularizationHw10.app */,
			);
			name = Products;
			sourceTree = "<group>";
		};
		107422642B0A4FCD0066FAE4 /* ModularizationHw10 */ = {
			isa = PBXGroup;
			children = (
				107422862B0A7A5B0066FAE4 /* App */,
				1074227C2B0A51010066FAE4 /* Models */,
				1074227D2B0A510A0066FAE4 /* Scenes */,
				1074226E2B0A4FCD0066FAE4 /* Assets.xcassets */,
				107422702B0A4FCD0066FAE4 /* LaunchScreen.storyboard */,
				107422732B0A4FCD0066FAE4 /* Info.plist */,
			);
			path = ModularizationHw10;
			sourceTree = "<group>";
		};
		1074227C2B0A51010066FAE4 /* Models */ = {
			isa = PBXGroup;
			children = (
				107422812B0A56130066FAE4 /* CatFacts.swift */,
			);
			path = Models;
			sourceTree = "<group>";
		};
		1074227D2B0A510A0066FAE4 /* Scenes */ = {
			isa = PBXGroup;
			children = (
				1074227E2B0A51180066FAE4 /* HomePage */,
			);
			path = Scenes;
			sourceTree = "<group>";
		};
		1074227E2B0A51180066FAE4 /* HomePage */ = {
			isa = PBXGroup;
			children = (
				107422832B0A5BE60066FAE4 /* TableViewCell */,
				107422692B0A4FCD0066FAE4 /* HomePageViewController.swift */,
				1074227F2B0A51570066FAE4 /* HomePageViewModel.swift */,
			);
			path = HomePage;
			sourceTree = "<group>";
		};
		107422832B0A5BE60066FAE4 /* TableViewCell */ = {
			isa = PBXGroup;
			children = (
				107422842B0A5C8E0066FAE4 /* HomePageTableViewCell.swift */,
			);
			path = TableViewCell;
			sourceTree = "<group>";
		};
		107422862B0A7A5B0066FAE4 /* App */ = {
			isa = PBXGroup;
			children = (
				107422672B0A4FCD0066FAE4 /* SceneDelegate.swift */,
				107422652B0A4FCD0066FAE4 /* AppDelegate.swift */,
			);
			path = App;
			sourceTree = "<group>";
		};
/* End PBXGroup section */

/* Begin PBXNativeTarget section */
		107422612B0A4FCD0066FAE4 /* ModularizationHw10 */ = {
			isa = PBXNativeTarget;
			buildConfigurationList = 107422762B0A4FCD0066FAE4 /* Build configuration list for PBXNativeTarget "ModularizationHw10" */;
			buildPhases = (
				1074225E2B0A4FCD0066FAE4 /* Sources */,
				1074225F2B0A4FCD0066FAE4 /* Frameworks */,
				107422602B0A4FCD0066FAE4 /* Resources */,
			);
			buildRules = (
			);
			dependencies = (
			);
			name = ModularizationHw10;
			packageProductDependencies = (
				1074227A2B0A50C10066FAE4 /* NetworkingManager */,
			);
			productName = ModularizationHw10;
			productReference = 107422622B0A4FCD0066FAE4 /* ModularizationHw10.app */;
			productType = "com.apple.product-type.application";
		};
/* End PBXNativeTarget section */

/* Begin PBXProject section */
		1074225A2B0A4FCD0066FAE4 /* Project object */ = {
			isa = PBXProject;
			attributes = {
				BuildIndependentTargetsInParallel = 1;
				LastSwiftUpdateCheck = 1500;
				LastUpgradeCheck = 1500;
				TargetAttributes = {
					107422612B0A4FCD0066FAE4 = {
						CreatedOnToolsVersion = 15.0.1;
					};
				};
			};
			buildConfigurationList = 1074225D2B0A4FCD0066FAE4 /* Build configuration list for PBXProject "ModularizationHw10" */;
			compatibilityVersion = "Xcode 14.0";
			developmentRegion = en;
			hasScannedForEncodings = 0;
			knownRegions = (
				en,
				Base,
			);
			mainGroup = 107422592B0A4FCD0066FAE4;
			packageReferences = (
				107422792B0A50C10066FAE4 /* XCRemoteSwiftPackageReference "NetworkingManager" */,
			);
			productRefGroup = 107422632B0A4FCD0066FAE4 /* Products */;
			projectDirPath = "";
			projectRoot = "";
			targets = (
				107422612B0A4FCD0066FAE4 /* ModularizationHw10 */,
			);
		};
/* End PBXProject section */

/* Begin PBXResourcesBuildPhase section */
		107422602B0A4FCD0066FAE4 /* Resources */ = {
			isa = PBXResourcesBuildPhase;
			buildActionMask = 2147483647;
			files = (
				107422722B0A4FCD0066FAE4 /* LaunchScreen.storyboard in Resources */,
				1074226F2B0A4FCD0066FAE4 /* Assets.xcassets in Resources */,
			);
			runOnlyForDeploymentPostprocessing = 0;
		};
/* End PBXResourcesBuildPhase section */

/* Begin PBXSourcesBuildPhase section */
		1074225E2B0A4FCD0066FAE4 /* Sources */ = {
			isa = PBXSourcesBuildPhase;
			buildActionMask = 2147483647;
			files = (
				107422802B0A51570066FAE4 /* HomePageViewModel.swift in Sources */,
				107422852B0A5C8E0066FAE4 /* HomePageTableViewCell.swift in Sources */,
				1074226A2B0A4FCD0066FAE4 /* HomePageViewController.swift in Sources */,
				107422822B0A56130066FAE4 /* CatFacts.swift in Sources */,
				107422662B0A4FCD0066FAE4 /* AppDelegate.swift in Sources */,
				107422682B0A4FCD0066FAE4 /* SceneDelegate.swift in Sources */,
			);
			runOnlyForDeploymentPostprocessing = 0;
		};
/* End PBXSourcesBuildPhase section */

/* Begin PBXVariantGroup section */
		107422702B0A4FCD0066FAE4 /* LaunchScreen.storyboard */ = {
			isa = PBXVariantGroup;
			children = (
				107422712B0A4FCD0066FAE4 /* Base */,
			);
			name = LaunchScreen.storyboard;
			sourceTree = "<group>";
		};
/* End PBXVariantGroup section */

/* Begin XCBuildConfiguration section */
		107422742B0A4FCD0066FAE4 /* Debug */ = {
			isa = XCBuildConfiguration;
			buildSettings = {
				ALWAYS_SEARCH_USER_PATHS = NO;
				ASSETCATALOG_COMPILER_GENERATE_SWIFT_ASSET_SYMBOL_EXTENSIONS = YES;
				CLANG_ANALYZER_NONNULL = YES;
				CLANG_ANALYZER_NUMBER_OBJECT_CONVERSION = YES_AGGRESSIVE;
				CLANG_CXX_LANGUAGE_STANDARD = "gnu++20";
				CLANG_ENABLE_MODULES = YES;
				CLANG_ENABLE_OBJC_ARC = YES;
				CLANG_ENABLE_OBJC_WEAK = YES;
				CLANG_WARN_BLOCK_CAPTURE_AUTORELEASING = YES;
				CLANG_WARN_BOOL_CONVERSION = YES;
				CLANG_WARN_COMMA = YES;
				CLANG_WARN_CONSTANT_CONVERSION = YES;
				CLANG_WARN_DEPRECATED_OBJC_IMPLEMENTATIONS = YES;
				CLANG_WARN_DIRECT_OBJC_ISA_USAGE = YES_ERROR;
				CLANG_WARN_DOCUMENTATION_COMMENTS = YES;
				CLANG_WARN_EMPTY_BODY = YES;
				CLANG_WARN_ENUM_CONVERSION = YES;
				CLANG_WARN_INFINITE_RECURSION = YES;
				CLANG_WARN_INT_CONVERSION = YES;
				CLANG_WARN_NON_LITERAL_NULL_CONVERSION = YES;
				CLANG_WARN_OBJC_IMPLICIT_RETAIN_SELF = YES;
				CLANG_WARN_OBJC_LITERAL_CONVERSION = YES;
				CLANG_WARN_OBJC_ROOT_CLASS = YES_ERROR;
				CLANG_WARN_QUOTED_INCLUDE_IN_FRAMEWORK_HEADER = YES;
				CLANG_WARN_RANGE_LOOP_ANALYSIS = YES;
				CLANG_WARN_STRICT_PROTOTYPES = YES;
				CLANG_WARN_SUSPICIOUS_MOVE = YES;
				CLANG_WARN_UNGUARDED_AVAILABILITY = YES_AGGRESSIVE;
				CLANG_WARN_UNREACHABLE_CODE = YES;
				CLANG_WARN__DUPLICATE_METHOD_MATCH = YES;
				COPY_PHASE_STRIP = NO;
				DEBUG_INFORMATION_FORMAT = dwarf;
				ENABLE_STRICT_OBJC_MSGSEND = YES;
				ENABLE_TESTABILITY = YES;
				ENABLE_USER_SCRIPT_SANDBOXING = YES;
				GCC_C_LANGUAGE_STANDARD = gnu17;
				GCC_DYNAMIC_NO_PIC = NO;
				GCC_NO_COMMON_BLOCKS = YES;
				GCC_OPTIMIZATION_LEVEL = 0;
				GCC_PREPROCESSOR_DEFINITIONS = (
					"DEBUG=1",
					"$(inherited)",
				);
				GCC_WARN_64_TO_32_BIT_CONVERSION = YES;
				GCC_WARN_ABOUT_RETURN_TYPE = YES_ERROR;
				GCC_WARN_UNDECLARED_SELECTOR = YES;
				GCC_WARN_UNINITIALIZED_AUTOS = YES_AGGRESSIVE;
				GCC_WARN_UNUSED_FUNCTION = YES;
				GCC_WARN_UNUSED_VARIABLE = YES;
				IPHONEOS_DEPLOYMENT_TARGET = 17.0;
				LOCALIZATION_PREFERS_STRING_CATALOGS = YES;
				MTL_ENABLE_DEBUG_INFO = INCLUDE_SOURCE;
				MTL_FAST_MATH = YES;
				ONLY_ACTIVE_ARCH = YES;
				SDKROOT = iphoneos;
				SWIFT_ACTIVE_COMPILATION_CONDITIONS = "DEBUG $(inherited)";
				SWIFT_OPTIMIZATION_LEVEL = "-Onone";
			};
			name = Debug;
		};
		107422752B0A4FCD0066FAE4 /* Release */ = {
			isa = XCBuildConfiguration;
			buildSettings = {
				ALWAYS_SEARCH_USER_PATHS = NO;
				ASSETCATALOG_COMPILER_GENERATE_SWIFT_ASSET_SYMBOL_EXTENSIONS = YES;
				CLANG_ANALYZER_NONNULL = YES;
				CLANG_ANALYZER_NUMBER_OBJECT_CONVERSION = YES_AGGRESSIVE;
				CLANG_CXX_LANGUAGE_STANDARD = "gnu++20";
				CLANG_ENABLE_MODULES = YES;
				CLANG_ENABLE_OBJC_ARC = YES;
				CLANG_ENABLE_OBJC_WEAK = YES;
				CLANG_WARN_BLOCK_CAPTURE_AUTORELEASING = YES;
				CLANG_WARN_BOOL_CONVERSION = YES;
				CLANG_WARN_COMMA = YES;
				CLANG_WARN_CONSTANT_CONVERSION = YES;
				CLANG_WARN_DEPRECATED_OBJC_IMPLEMENTATIONS = YES;
				CLANG_WARN_DIRECT_OBJC_ISA_USAGE = YES_ERROR;
				CLANG_WARN_DOCUMENTATION_COMMENTS = YES;
				CLANG_WARN_EMPTY_BODY = YES;
				CLANG_WARN_ENUM_CONVERSION = YES;
				CLANG_WARN_INFINITE_RECURSION = YES;
				CLANG_WARN_INT_CONVERSION = YES;
				CLANG_WARN_NON_LITERAL_NULL_CONVERSION = YES;
				CLANG_WARN_OBJC_IMPLICIT_RETAIN_SELF = YES;
				CLANG_WARN_OBJC_LITERAL_CONVERSION = YES;
				CLANG_WARN_OBJC_ROOT_CLASS = YES_ERROR;
				CLANG_WARN_QUOTED_INCLUDE_IN_FRAMEWORK_HEADER = YES;
				CLANG_WARN_RANGE_LOOP_ANALYSIS = YES;
				CLANG_WARN_STRICT_PROTOTYPES = YES;
				CLANG_WARN_SUSPICIOUS_MOVE = YES;
				CLANG_WARN_UNGUARDED_AVAILABILITY = YES_AGGRESSIVE;
				CLANG_WARN_UNREACHABLE_CODE = YES;
				CLANG_WARN__DUPLICATE_METHOD_MATCH = YES;
				COPY_PHASE_STRIP = NO;
				DEBUG_INFORMATION_FORMAT = "dwarf-with-dsym";
				ENABLE_NS_ASSERTIONS = NO;
				ENABLE_STRICT_OBJC_MSGSEND = YES;
				ENABLE_USER_SCRIPT_SANDBOXING = YES;
				GCC_C_LANGUAGE_STANDARD = gnu17;
				GCC_NO_COMMON_BLOCKS = YES;
				GCC_WARN_64_TO_32_BIT_CONVERSION = YES;
				GCC_WARN_ABOUT_RETURN_TYPE = YES_ERROR;
				GCC_WARN_UNDECLARED_SELECTOR = YES;
				GCC_WARN_UNINITIALIZED_AUTOS = YES_AGGRESSIVE;
				GCC_WARN_UNUSED_FUNCTION = YES;
				GCC_WARN_UNUSED_VARIABLE = YES;
				IPHONEOS_DEPLOYMENT_TARGET = 17.0;
				LOCALIZATION_PREFERS_STRING_CATALOGS = YES;
				MTL_ENABLE_DEBUG_INFO = NO;
				MTL_FAST_MATH = YES;
				SDKROOT = iphoneos;
				SWIFT_COMPILATION_MODE = wholemodule;
				VALIDATE_PRODUCT = YES;
			};
			name = Release;
		};
		107422772B0A4FCD0066FAE4 /* Debug */ = {
			isa = XCBuildConfiguration;
			buildSettings = {
				ASSETCATALOG_COMPILER_APPICON_NAME = AppIcon;
				ASSETCATALOG_COMPILER_GLOBAL_ACCENT_COLOR_NAME = AccentColor;
				CODE_SIGN_STYLE = Automatic;
				CURRENT_PROJECT_VERSION = 1;
				DEVELOPMENT_TEAM = 87CWSKX54K;
				GENERATE_INFOPLIST_FILE = YES;
				INFOPLIST_FILE = ModularizationHw10/Info.plist;
				INFOPLIST_KEY_UIApplicationSupportsIndirectInputEvents = YES;
				INFOPLIST_KEY_UILaunchStoryboardName = LaunchScreen;
				INFOPLIST_KEY_UIMainStoryboardFile = "";
				INFOPLIST_KEY_UISupportedInterfaceOrientations_iPad = "UIInterfaceOrientationPortrait UIInterfaceOrientationPortraitUpsideDown UIInterfaceOrientationLandscapeLeft UIInterfaceOrientationLandscapeRight";
				INFOPLIST_KEY_UISupportedInterfaceOrientations_iPhone = "UIInterfaceOrientationPortrait UIInterfaceOrientationLandscapeLeft UIInterfaceOrientationLandscapeRight";
				LD_RUNPATH_SEARCH_PATHS = (
					"$(inherited)",
					"@executable_path/Frameworks",
				);
				MARKETING_VERSION = 1.0;
				PRODUCT_BUNDLE_IDENTIFIER = com.andria.ModularizationHw10;
				PRODUCT_NAME = "$(TARGET_NAME)";
				SWIFT_EMIT_LOC_STRINGS = YES;
				SWIFT_VERSION = 5.0;
				TARGETED_DEVICE_FAMILY = "1,2";
			};
			name = Debug;
		};
		107422782B0A4FCD0066FAE4 /* Release */ = {
			isa = XCBuildConfiguration;
			buildSettings = {
				ASSETCATALOG_COMPILER_APPICON_NAME = AppIcon;
				ASSETCATALOG_COMPILER_GLOBAL_ACCENT_COLOR_NAME = AccentColor;
				CODE_SIGN_STYLE = Automatic;
				CURRENT_PROJECT_VERSION = 1;
				DEVELOPMENT_TEAM = 87CWSKX54K;
				GENERATE_INFOPLIST_FILE = YES;
				INFOPLIST_FILE = ModularizationHw10/Info.plist;
				INFOPLIST_KEY_UIApplicationSupportsIndirectInputEvents = YES;
				INFOPLIST_KEY_UILaunchStoryboardName = LaunchScreen;
				INFOPLIST_KEY_UIMainStoryboardFile = "";
				INFOPLIST_KEY_UISupportedInterfaceOrientations_iPad = "UIInterfaceOrientationPortrait UIInterfaceOrientationPortraitUpsideDown UIInterfaceOrientationLandscapeLeft UIInterfaceOrientationLandscapeRight";
				INFOPLIST_KEY_UISupportedInterfaceOrientations_iPhone = "UIInterfaceOrientationPortrait UIInterfaceOrientationLandscapeLeft UIInterfaceOrientationLandscapeRight";
				LD_RUNPATH_SEARCH_PATHS = (
					"$(inherited)",
					"@executable_path/Frameworks",
				);
				MARKETING_VERSION = 1.0;
				PRODUCT_BUNDLE_IDENTIFIER = com.andria.ModularizationHw10;
				PRODUCT_NAME = "$(TARGET_NAME)";
				SWIFT_EMIT_LOC_STRINGS = YES;
				SWIFT_VERSION = 5.0;
				TARGETED_DEVICE_FAMILY = "1,2";
			};
			name = Release;
		};
/* End XCBuildConfiguration section */

/* Begin XCConfigurationList section */
		1074225D2B0A4FCD0066FAE4 /* Build configuration list for PBXProject "ModularizationHw10" */ = {
			isa = XCConfigurationList;
			buildConfigurations = (
				107422742B0A4FCD0066FAE4 /* Debug */,
				107422752B0A4FCD0066FAE4 /* Release */,
			);
			defaultConfigurationIsVisible = 0;
			defaultConfigurationName = Release;
		};
		107422762B0A4FCD0066FAE4 /* Build configuration list for PBXNativeTarget "ModularizationHw10" */ = {
			isa = XCConfigurationList;
			buildConfigurations = (
				107422772B0A4FCD0066FAE4 /* Debug */,
				107422782B0A4FCD0066FAE4 /* Release */,
			);
			defaultConfigurationIsVisible = 0;
			defaultConfigurationName = Release;
		};
/* End XCConfigurationList section */

/* Begin XCRemoteSwiftPackageReference section */
		107422792B0A50C10066FAE4 /* XCRemoteSwiftPackageReference "NetworkingManager" */ = {
			isa = XCRemoteSwiftPackageReference;
			repositoryURL = "https://github.com/Andria35/NetworkingManager.git";
			requirement = {
				branch = main;
				kind = branch;
			};
		};
/* End XCRemoteSwiftPackageReference section */

/* Begin XCSwiftPackageProductDependency section */
		1074227A2B0A50C10066FAE4 /* NetworkingManager */ = {
			isa = XCSwiftPackageProductDependency;
			package = 107422792B0A50C10066FAE4 /* XCRemoteSwiftPackageReference "NetworkingManager" */;
			productName = NetworkingManager;
		};
/* End XCSwiftPackageProductDependency section */
	};
	rootObject = 1074225A2B0A4FCD0066FAE4 /* Project object */;
}
