// !$*UTF8*$!
{
	archiveVersion = 1;
	classes = {
	};
	objectVersion = 56;
	objects = {

/* Begin PBXBuildFile section */
		103170E12AF7DA5B001A3902 /* KeyChainManager.swift in Sources */ = {isa = PBXBuildFile; fileRef = 103170E02AF7DA5B001A3902 /* KeyChainManager.swift */; };
		103170E32AF7E979001A3902 /* NoteListViewController.swift in Sources */ = {isa = PBXBuildFile; fileRef = 103170E22AF7E979001A3902 /* NoteListViewController.swift */; };
		103170EB2AF815AA001A3902 /* NoteTableViewCell.swift in Sources */ = {isa = PBXBuildFile; fileRef = 103170EA2AF815AA001A3902 /* NoteTableViewCell.swift */; };
		103170ED2AF8244A001A3902 /* AddNoteViewController.swift in Sources */ = {isa = PBXBuildFile; fileRef = 103170EC2AF8244A001A3902 /* AddNoteViewController.swift */; };
		103170EF2AF835F5001A3902 /* NoteDetailsViewController.swift in Sources */ = {isa = PBXBuildFile; fileRef = 103170EE2AF835F5001A3902 /* NoteDetailsViewController.swift */; };
		1040777B2AF7B4B200EAEA48 /* AppDelegate.swift in Sources */ = {isa = PBXBuildFile; fileRef = 1040777A2AF7B4B200EAEA48 /* AppDelegate.swift */; };
		1040777D2AF7B4B200EAEA48 /* SceneDelegate.swift in Sources */ = {isa = PBXBuildFile; fileRef = 1040777C2AF7B4B200EAEA48 /* SceneDelegate.swift */; };
		1040777F2AF7B4B200EAEA48 /* LoginViewController.swift in Sources */ = {isa = PBXBuildFile; fileRef = 1040777E2AF7B4B200EAEA48 /* LoginViewController.swift */; };
		104077842AF7B4B200EAEA48 /* Assets.xcassets in Resources */ = {isa = PBXBuildFile; fileRef = 104077832AF7B4B200EAEA48 /* Assets.xcassets */; };
		104077872AF7B4B200EAEA48 /* LaunchScreen.storyboard in Resources */ = {isa = PBXBuildFile; fileRef = 104077852AF7B4B200EAEA48 /* LaunchScreen.storyboard */; };
/* End PBXBuildFile section */

/* Begin PBXFileReference section */
		103170E02AF7DA5B001A3902 /* KeyChainManager.swift */ = {isa = PBXFileReference; lastKnownFileType = sourcecode.swift; path = KeyChainManager.swift; sourceTree = "<group>"; };
		103170E22AF7E979001A3902 /* NoteListViewController.swift */ = {isa = PBXFileReference; lastKnownFileType = sourcecode.swift; path = NoteListViewController.swift; sourceTree = "<group>"; };
		103170EA2AF815AA001A3902 /* NoteTableViewCell.swift */ = {isa = PBXFileReference; lastKnownFileType = sourcecode.swift; path = NoteTableViewCell.swift; sourceTree = "<group>"; };
		103170EC2AF8244A001A3902 /* AddNoteViewController.swift */ = {isa = PBXFileReference; lastKnownFileType = sourcecode.swift; path = AddNoteViewController.swift; sourceTree = "<group>"; };
		103170EE2AF835F5001A3902 /* NoteDetailsViewController.swift */ = {isa = PBXFileReference; lastKnownFileType = sourcecode.swift; path = NoteDetailsViewController.swift; sourceTree = "<group>"; };
		104077772AF7B4B200EAEA48 /* SecureNotesAppHw6.app */ = {isa = PBXFileReference; explicitFileType = wrapper.application; includeInIndex = 0; path = SecureNotesAppHw6.app; sourceTree = BUILT_PRODUCTS_DIR; };
		1040777A2AF7B4B200EAEA48 /* AppDelegate.swift */ = {isa = PBXFileReference; lastKnownFileType = sourcecode.swift; path = AppDelegate.swift; sourceTree = "<group>"; };
		1040777C2AF7B4B200EAEA48 /* SceneDelegate.swift */ = {isa = PBXFileReference; lastKnownFileType = sourcecode.swift; path = SceneDelegate.swift; sourceTree = "<group>"; };
		1040777E2AF7B4B200EAEA48 /* LoginViewController.swift */ = {isa = PBXFileReference; lastKnownFileType = sourcecode.swift; path = LoginViewController.swift; sourceTree = "<group>"; };
		104077832AF7B4B200EAEA48 /* Assets.xcassets */ = {isa = PBXFileReference; lastKnownFileType = folder.assetcatalog; path = Assets.xcassets; sourceTree = "<group>"; };
		104077862AF7B4B200EAEA48 /* Base */ = {isa = PBXFileReference; lastKnownFileType = file.storyboard; name = Base; path = Base.lproj/LaunchScreen.storyboard; sourceTree = "<group>"; };
		104077882AF7B4B200EAEA48 /* Info.plist */ = {isa = PBXFileReference; lastKnownFileType = text.plist.xml; path = Info.plist; sourceTree = "<group>"; };
/* End PBXFileReference section */

/* Begin PBXFrameworksBuildPhase section */
		104077742AF7B4B200EAEA48 /* Frameworks */ = {
			isa = PBXFrameworksBuildPhase;
			buildActionMask = 2147483647;
			files = (
			);
			runOnlyForDeploymentPostprocessing = 0;
		};
/* End PBXFrameworksBuildPhase section */

/* Begin PBXGroup section */
		103170DF2AF7DA3C001A3902 /* Managers */ = {
			isa = PBXGroup;
			children = (
				103170E02AF7DA5B001A3902 /* KeyChainManager.swift */,
			);
			path = Managers;
			sourceTree = "<group>";
		};
		103170E42AF7EF4F001A3902 /* Models */ = {
			isa = PBXGroup;
			children = (
			);
			path = Models;
			sourceTree = "<group>";
		};
		103170E72AF81569001A3902 /* TableViewCell */ = {
			isa = PBXGroup;
			children = (
				103170EA2AF815AA001A3902 /* NoteTableViewCell.swift */,
			);
			path = TableViewCell;
			sourceTree = "<group>";
		};
		1040776E2AF7B4B200EAEA48 = {
			isa = PBXGroup;
			children = (
				104077792AF7B4B200EAEA48 /* SecureNotesAppHw6 */,
				104077782AF7B4B200EAEA48 /* Products */,
			);
			sourceTree = "<group>";
		};
		104077782AF7B4B200EAEA48 /* Products */ = {
			isa = PBXGroup;
			children = (
				104077772AF7B4B200EAEA48 /* SecureNotesAppHw6.app */,
			);
			name = Products;
			sourceTree = "<group>";
		};
		104077792AF7B4B200EAEA48 /* SecureNotesAppHw6 */ = {
			isa = PBXGroup;
			children = (
				103170E42AF7EF4F001A3902 /* Models */,
				103170DF2AF7DA3C001A3902 /* Managers */,
				1040778E2AF7B69D00EAEA48 /* App */,
				1040778F2AF7B6AF00EAEA48 /* ViewControllers */,
				104077902AF7B6BC00EAEA48 /* Extensions */,
				104077832AF7B4B200EAEA48 /* Assets.xcassets */,
				104077852AF7B4B200EAEA48 /* LaunchScreen.storyboard */,
				104077882AF7B4B200EAEA48 /* Info.plist */,
			);
			path = SecureNotesAppHw6;
			sourceTree = "<group>";
		};
		1040778E2AF7B69D00EAEA48 /* App */ = {
			isa = PBXGroup;
			children = (
				1040777A2AF7B4B200EAEA48 /* AppDelegate.swift */,
				1040777C2AF7B4B200EAEA48 /* SceneDelegate.swift */,
			);
			path = App;
			sourceTree = "<group>";
		};
		1040778F2AF7B6AF00EAEA48 /* ViewControllers */ = {
			isa = PBXGroup;
			children = (
				103170E72AF81569001A3902 /* TableViewCell */,
				1040777E2AF7B4B200EAEA48 /* LoginViewController.swift */,
				103170E22AF7E979001A3902 /* NoteListViewController.swift */,
				103170EC2AF8244A001A3902 /* AddNoteViewController.swift */,
				103170EE2AF835F5001A3902 /* NoteDetailsViewController.swift */,
			);
			path = ViewControllers;
			sourceTree = "<group>";
		};
		104077902AF7B6BC00EAEA48 /* Extensions */ = {
			isa = PBXGroup;
			children = (
			);
			path = Extensions;
			sourceTree = "<group>";
		};
/* End PBXGroup section */

/* Begin PBXNativeTarget section */
		104077762AF7B4B200EAEA48 /* SecureNotesAppHw6 */ = {
			isa = PBXNativeTarget;
			buildConfigurationList = 1040778B2AF7B4B200EAEA48 /* Build configuration list for PBXNativeTarget "SecureNotesAppHw6" */;
			buildPhases = (
				104077732AF7B4B200EAEA48 /* Sources */,
				104077742AF7B4B200EAEA48 /* Frameworks */,
				104077752AF7B4B200EAEA48 /* Resources */,
			);
			buildRules = (
			);
			dependencies = (
			);
			name = SecureNotesAppHw6;
			productName = SecureNotesAppHw6;
			productReference = 104077772AF7B4B200EAEA48 /* SecureNotesAppHw6.app */;
			productType = "com.apple.product-type.application";
		};
/* End PBXNativeTarget section */

/* Begin PBXProject section */
		1040776F2AF7B4B200EAEA48 /* Project object */ = {
			isa = PBXProject;
			attributes = {
				BuildIndependentTargetsInParallel = 1;
				LastSwiftUpdateCheck = 1500;
				LastUpgradeCheck = 1500;
				TargetAttributes = {
					104077762AF7B4B200EAEA48 = {
						CreatedOnToolsVersion = 15.0;
					};
				};
			};
			buildConfigurationList = 104077722AF7B4B200EAEA48 /* Build configuration list for PBXProject "SecureNotesAppHw6" */;
			compatibilityVersion = "Xcode 14.0";
			developmentRegion = en;
			hasScannedForEncodings = 0;
			knownRegions = (
				en,
				Base,
			);
			mainGroup = 1040776E2AF7B4B200EAEA48;
			productRefGroup = 104077782AF7B4B200EAEA48 /* Products */;
			projectDirPath = "";
			projectRoot = "";
			targets = (
				104077762AF7B4B200EAEA48 /* SecureNotesAppHw6 */,
			);
		};
/* End PBXProject section */

/* Begin PBXResourcesBuildPhase section */
		104077752AF7B4B200EAEA48 /* Resources */ = {
			isa = PBXResourcesBuildPhase;
			buildActionMask = 2147483647;
			files = (
				104077872AF7B4B200EAEA48 /* LaunchScreen.storyboard in Resources */,
				104077842AF7B4B200EAEA48 /* Assets.xcassets in Resources */,
			);
			runOnlyForDeploymentPostprocessing = 0;
		};
/* End PBXResourcesBuildPhase section */

/* Begin PBXSourcesBuildPhase section */
		104077732AF7B4B200EAEA48 /* Sources */ = {
			isa = PBXSourcesBuildPhase;
			buildActionMask = 2147483647;
			files = (
				103170ED2AF8244A001A3902 /* AddNoteViewController.swift in Sources */,
				1040777F2AF7B4B200EAEA48 /* LoginViewController.swift in Sources */,
				1040777B2AF7B4B200EAEA48 /* AppDelegate.swift in Sources */,
				1040777D2AF7B4B200EAEA48 /* SceneDelegate.swift in Sources */,
				103170E32AF7E979001A3902 /* NoteListViewController.swift in Sources */,
				103170EF2AF835F5001A3902 /* NoteDetailsViewController.swift in Sources */,
				103170E12AF7DA5B001A3902 /* KeyChainManager.swift in Sources */,
				103170EB2AF815AA001A3902 /* NoteTableViewCell.swift in Sources */,
			);
			runOnlyForDeploymentPostprocessing = 0;
		};
/* End PBXSourcesBuildPhase section */

/* Begin PBXVariantGroup section */
		104077852AF7B4B200EAEA48 /* LaunchScreen.storyboard */ = {
			isa = PBXVariantGroup;
			children = (
				104077862AF7B4B200EAEA48 /* Base */,
			);
			name = LaunchScreen.storyboard;
			sourceTree = "<group>";
		};
/* End PBXVariantGroup section */

/* Begin XCBuildConfiguration section */
		104077892AF7B4B200EAEA48 /* Debug */ = {
			isa = XCBuildConfiguration;
			buildSettings = {
				ALWAYS_SEARCH_USER_PATHS = NO;
				ASSETCATALOG_COMPILER_GENERATE_SWIFT_ASSET_SYMBOL_EXTENSIONS = YES;
				CLANG_ANALYZER_NONNULL = YES;
				CLANG_ANALYZER_NUMBER_OBJECT_CONVERSION = YES_AGGRESSIVE;
				CLANG_CXX_LANGUAGE_STANDARD = "gnu++20";
				CLANG_ENABLE_MODULES = YES;
				CLANG_ENABLE_OBJC_ARC = YES;
				CLANG_ENABLE_OBJC_WEAK = YES;
				CLANG_WARN_BLOCK_CAPTURE_AUTORELEASING = YES;
				CLANG_WARN_BOOL_CONVERSION = YES;
				CLANG_WARN_COMMA = YES;
				CLANG_WARN_CONSTANT_CONVERSION = YES;
				CLANG_WARN_DEPRECATED_OBJC_IMPLEMENTATIONS = YES;
				CLANG_WARN_DIRECT_OBJC_ISA_USAGE = YES_ERROR;
				CLANG_WARN_DOCUMENTATION_COMMENTS = YES;
				CLANG_WARN_EMPTY_BODY = YES;
				CLANG_WARN_ENUM_CONVERSION = YES;
				CLANG_WARN_INFINITE_RECURSION = YES;
				CLANG_WARN_INT_CONVERSION = YES;
				CLANG_WARN_NON_LITERAL_NULL_CONVERSION = YES;
				CLANG_WARN_OBJC_IMPLICIT_RETAIN_SELF = YES;
				CLANG_WARN_OBJC_LITERAL_CONVERSION = YES;
				CLANG_WARN_OBJC_ROOT_CLASS = YES_ERROR;
				CLANG_WARN_QUOTED_INCLUDE_IN_FRAMEWORK_HEADER = YES;
				CLANG_WARN_RANGE_LOOP_ANALYSIS = YES;
				CLANG_WARN_STRICT_PROTOTYPES = YES;
				CLANG_WARN_SUSPICIOUS_MOVE = YES;
				CLANG_WARN_UNGUARDED_AVAILABILITY = YES_AGGRESSIVE;
				CLANG_WARN_UNREACHABLE_CODE = YES;
				CLANG_WARN__DUPLICATE_METHOD_MATCH = YES;
				COPY_PHASE_STRIP = NO;
				DEBUG_INFORMATION_FORMAT = dwarf;
				ENABLE_STRICT_OBJC_MSGSEND = YES;
				ENABLE_TESTABILITY = YES;
				ENABLE_USER_SCRIPT_SANDBOXING = YES;
				GCC_C_LANGUAGE_STANDARD = gnu17;
				GCC_DYNAMIC_NO_PIC = NO;
				GCC_NO_COMMON_BLOCKS = YES;
				GCC_OPTIMIZATION_LEVEL = 0;
				GCC_PREPROCESSOR_DEFINITIONS = (
					"DEBUG=1",
					"$(inherited)",
				);
				GCC_WARN_64_TO_32_BIT_CONVERSION = YES;
				GCC_WARN_ABOUT_RETURN_TYPE = YES_ERROR;
				GCC_WARN_UNDECLARED_SELECTOR = YES;
				GCC_WARN_UNINITIALIZED_AUTOS = YES_AGGRESSIVE;
				GCC_WARN_UNUSED_FUNCTION = YES;
				GCC_WARN_UNUSED_VARIABLE = YES;
				IPHONEOS_DEPLOYMENT_TARGET = 17.0;
				LOCALIZATION_PREFERS_STRING_CATALOGS = YES;
				MTL_ENABLE_DEBUG_INFO = INCLUDE_SOURCE;
				MTL_FAST_MATH = YES;
				ONLY_ACTIVE_ARCH = YES;
				SDKROOT = iphoneos;
				SWIFT_ACTIVE_COMPILATION_CONDITIONS = "DEBUG $(inherited)";
				SWIFT_OPTIMIZATION_LEVEL = "-Onone";
			};
			name = Debug;
		};
		1040778A2AF7B4B200EAEA48 /* Release */ = {
			isa = XCBuildConfiguration;
			buildSettings = {
				ALWAYS_SEARCH_USER_PATHS = NO;
				ASSETCATALOG_COMPILER_GENERATE_SWIFT_ASSET_SYMBOL_EXTENSIONS = YES;
				CLANG_ANALYZER_NONNULL = YES;
				CLANG_ANALYZER_NUMBER_OBJECT_CONVERSION = YES_AGGRESSIVE;
				CLANG_CXX_LANGUAGE_STANDARD = "gnu++20";
				CLANG_ENABLE_MODULES = YES;
				CLANG_ENABLE_OBJC_ARC = YES;
				CLANG_ENABLE_OBJC_WEAK = YES;
				CLANG_WARN_BLOCK_CAPTURE_AUTORELEASING = YES;
				CLANG_WARN_BOOL_CONVERSION = YES;
				CLANG_WARN_COMMA = YES;
				CLANG_WARN_CONSTANT_CONVERSION = YES;
				CLANG_WARN_DEPRECATED_OBJC_IMPLEMENTATIONS = YES;
				CLANG_WARN_DIRECT_OBJC_ISA_USAGE = YES_ERROR;
				CLANG_WARN_DOCUMENTATION_COMMENTS = YES;
				CLANG_WARN_EMPTY_BODY = YES;
				CLANG_WARN_ENUM_CONVERSION = YES;
				CLANG_WARN_INFINITE_RECURSION = YES;
				CLANG_WARN_INT_CONVERSION = YES;
				CLANG_WARN_NON_LITERAL_NULL_CONVERSION = YES;
				CLANG_WARN_OBJC_IMPLICIT_RETAIN_SELF = YES;
				CLANG_WARN_OBJC_LITERAL_CONVERSION = YES;
				CLANG_WARN_OBJC_ROOT_CLASS = YES_ERROR;
				CLANG_WARN_QUOTED_INCLUDE_IN_FRAMEWORK_HEADER = YES;
				CLANG_WARN_RANGE_LOOP_ANALYSIS = YES;
				CLANG_WARN_STRICT_PROTOTYPES = YES;
				CLANG_WARN_SUSPICIOUS_MOVE = YES;
				CLANG_WARN_UNGUARDED_AVAILABILITY = YES_AGGRESSIVE;
				CLANG_WARN_UNREACHABLE_CODE = YES;
				CLANG_WARN__DUPLICATE_METHOD_MATCH = YES;
				COPY_PHASE_STRIP = NO;
				DEBUG_INFORMATION_FORMAT = "dwarf-with-dsym";
				ENABLE_NS_ASSERTIONS = NO;
				ENABLE_STRICT_OBJC_MSGSEND = YES;
				ENABLE_USER_SCRIPT_SANDBOXING = YES;
				GCC_C_LANGUAGE_STANDARD = gnu17;
				GCC_NO_COMMON_BLOCKS = YES;
				GCC_WARN_64_TO_32_BIT_CONVERSION = YES;
				GCC_WARN_ABOUT_RETURN_TYPE = YES_ERROR;
				GCC_WARN_UNDECLARED_SELECTOR = YES;
				GCC_WARN_UNINITIALIZED_AUTOS = YES_AGGRESSIVE;
				GCC_WARN_UNUSED_FUNCTION = YES;
				GCC_WARN_UNUSED_VARIABLE = YES;
				IPHONEOS_DEPLOYMENT_TARGET = 17.0;
				LOCALIZATION_PREFERS_STRING_CATALOGS = YES;
				MTL_ENABLE_DEBUG_INFO = NO;
				MTL_FAST_MATH = YES;
				SDKROOT = iphoneos;
				SWIFT_COMPILATION_MODE = wholemodule;
				VALIDATE_PRODUCT = YES;
			};
			name = Release;
		};
		1040778C2AF7B4B200EAEA48 /* Debug */ = {
			isa = XCBuildConfiguration;
			buildSettings = {
				ASSETCATALOG_COMPILER_APPICON_NAME = AppIcon;
				ASSETCATALOG_COMPILER_GLOBAL_ACCENT_COLOR_NAME = AccentColor;
				CODE_SIGN_STYLE = Automatic;
				CURRENT_PROJECT_VERSION = 1;
				DEVELOPMENT_TEAM = 87CWSKX54K;
				GENERATE_INFOPLIST_FILE = YES;
				INFOPLIST_FILE = SecureNotesAppHw6/Info.plist;
				INFOPLIST_KEY_UIApplicationSupportsIndirectInputEvents = YES;
				INFOPLIST_KEY_UILaunchStoryboardName = LaunchScreen;
				INFOPLIST_KEY_UIMainStoryboardFile = "";
				INFOPLIST_KEY_UISupportedInterfaceOrientations_iPad = "UIInterfaceOrientationPortrait UIInterfaceOrientationPortraitUpsideDown UIInterfaceOrientationLandscapeLeft UIInterfaceOrientationLandscapeRight";
				INFOPLIST_KEY_UISupportedInterfaceOrientations_iPhone = "UIInterfaceOrientationPortrait UIInterfaceOrientationLandscapeLeft UIInterfaceOrientationLandscapeRight";
				LD_RUNPATH_SEARCH_PATHS = (
					"$(inherited)",
					"@executable_path/Frameworks",
				);
				MARKETING_VERSION = 1.0;
				PRODUCT_BUNDLE_IDENTIFIER = com.andria.SecureNotesAppHw6;
				PRODUCT_NAME = "$(TARGET_NAME)";
				SWIFT_EMIT_LOC_STRINGS = YES;
				SWIFT_VERSION = 5.0;
				TARGETED_DEVICE_FAMILY = "1,2";
			};
			name = Debug;
		};
		1040778D2AF7B4B200EAEA48 /* Release */ = {
			isa = XCBuildConfiguration;
			buildSettings = {
				ASSETCATALOG_COMPILER_APPICON_NAME = AppIcon;
				ASSETCATALOG_COMPILER_GLOBAL_ACCENT_COLOR_NAME = AccentColor;
				CODE_SIGN_STYLE = Automatic;
				CURRENT_PROJECT_VERSION = 1;
				DEVELOPMENT_TEAM = 87CWSKX54K;
				GENERATE_INFOPLIST_FILE = YES;
				INFOPLIST_FILE = SecureNotesAppHw6/Info.plist;
				INFOPLIST_KEY_UIApplicationSupportsIndirectInputEvents = YES;
				INFOPLIST_KEY_UILaunchStoryboardName = LaunchScreen;
				INFOPLIST_KEY_UIMainStoryboardFile = "";
				INFOPLIST_KEY_UISupportedInterfaceOrientations_iPad = "UIInterfaceOrientationPortrait UIInterfaceOrientationPortraitUpsideDown UIInterfaceOrientationLandscapeLeft UIInterfaceOrientationLandscapeRight";
				INFOPLIST_KEY_UISupportedInterfaceOrientations_iPhone = "UIInterfaceOrientationPortrait UIInterfaceOrientationLandscapeLeft UIInterfaceOrientationLandscapeRight";
				LD_RUNPATH_SEARCH_PATHS = (
					"$(inherited)",
					"@executable_path/Frameworks",
				);
				MARKETING_VERSION = 1.0;
				PRODUCT_BUNDLE_IDENTIFIER = com.andria.SecureNotesAppHw6;
				PRODUCT_NAME = "$(TARGET_NAME)";
				SWIFT_EMIT_LOC_STRINGS = YES;
				SWIFT_VERSION = 5.0;
				TARGETED_DEVICE_FAMILY = "1,2";
			};
			name = Release;
		};
/* End XCBuildConfiguration section */

/* Begin XCConfigurationList section */
		104077722AF7B4B200EAEA48 /* Build configuration list for PBXProject "SecureNotesAppHw6" */ = {
			isa = XCConfigurationList;
			buildConfigurations = (
				104077892AF7B4B200EAEA48 /* Debug */,
				1040778A2AF7B4B200EAEA48 /* Release */,
			);
			defaultConfigurationIsVisible = 0;
			defaultConfigurationName = Release;
		};
		1040778B2AF7B4B200EAEA48 /* Build configuration list for PBXNativeTarget "SecureNotesAppHw6" */ = {
			isa = XCConfigurationList;
			buildConfigurations = (
				1040778C2AF7B4B200EAEA48 /* Debug */,
				1040778D2AF7B4B200EAEA48 /* Release */,
			);
			defaultConfigurationIsVisible = 0;
			defaultConfigurationName = Release;
		};
/* End XCConfigurationList section */
	};
	rootObject = 1040776F2AF7B4B200EAEA48 /* Project object */;
}
